
Microsoft Visual Studio Solution File, Format Version 12.00
# Visual Studio Version 16
VisualStudioVersion = 16.0.30621.155
MinimumVisualStudioVersion = 10.0.40219.1
Project("{FAE04EC0-301F-11D3-BF4B-00C04F79EFBC}") = "InlamningsUppgift1", "InlamningsUppgift1.csproj", "{F6EAE31D-3DE0-454D-A3AD-84C3502EC509}"
EndProject
Global
	GlobalSection(SolutionConfigurationPlatforms) = preSolution
		Debug|Any CPU = Debug|Any CPU
		Release|Any CPU = Release|Any CPU
	EndGlobalSection
	GlobalSection(ProjectConfigurationPlatforms) = postSolution
		{F6EAE31D-3DE0-454D-A3AD-84C3502EC509}.Debug|Any CPU.ActiveCfg = Debug|Any CPU
		{F6EAE31D-3DE0-454D-A3AD-84C3502EC509}.Debug|Any CPU.Build.0 = Debug|Any CPU
		{F6EAE31D-3DE0-454D-A3AD-84C3502EC509}.Release|Any CPU.ActiveCfg = Release|Any CPU
		{F6EAE31D-3DE0-454D-A3AD-84C3502EC509}.Release|Any CPU.Build.0 = Release|Any CPU
	EndGlobalSection
	GlobalSection(SolutionProperties) = preSolution
		HideSolutionNode = FALSE
	EndGlobalSection
	GlobalSection(ExtensibilityGlobals) = postSolution
		SolutionGuid = {B8C86EAC-2029-4926-A731-DB629E3BD983}
	EndGlobalSection
EndGlobal
